{
  "requires": true,
  "lockfileVersion": 1,
  "dependencies": {
    "vue-social-sharing": {
      "version": "3.0.5",
      "resolved": "https://registry.npmjs.org/vue-social-sharing/-/vue-social-sharing-3.0.5.tgz",
      "integrity": "sha512-wQWdL5SUR0amy1y5ZrHpfgrYYYFMjAKyn+81lVMeZsoKMTYESAGZC+fQSHA3ThLaFY2wtLcJ9uTkWygHVWu7XQ=="
    }
  }
}
